
Microsoft Visual Studio Solution File, Format Version 12.00
# Visual Studio Version 17
VisualStudioVersion = 17.0.32112.339
MinimumVisualStudioVersion = 10.0.40219.1
Project("{FAE04EC0-301F-11D3-BF4B-00C04F79EFBC}") = "ConsoleAppHolaMundo", "ConsoleAppHolaMundo\ConsoleAppHolaMundo.csproj", "{E6C58E6B-EC31-4959-BAFD-915B9DE34ED1}"
EndProject
Global
	GlobalSection(SolutionConfigurationPlatforms) = preSolution
		Debug|Any CPU = Debug|Any CPU
		Release|Any CPU = Release|Any CPU
	EndGlobalSection
	GlobalSection(ProjectConfigurationPlatforms) = postSolution
		{E6C58E6B-EC31-4959-BAFD-915B9DE34ED1}.Debug|Any CPU.ActiveCfg = Debug|Any CPU
		{E6C58E6B-EC31-4959-BAFD-915B9DE34ED1}.Debug|Any CPU.Build.0 = Debug|Any CPU
		{E6C58E6B-EC31-4959-BAFD-915B9DE34ED1}.Release|Any CPU.ActiveCfg = Release|Any CPU
		{E6C58E6B-EC31-4959-BAFD-915B9DE34ED1}.Release|Any CPU.Build.0 = Release|Any CPU
	EndGlobalSection
	GlobalSection(SolutionProperties) = preSolution
		HideSolutionNode = FALSE
	EndGlobalSection
	GlobalSection(ExtensibilityGlobals) = postSolution
		SolutionGuid = {09497B79-E59D-41D2-89CF-41F5FD441A34}
	EndGlobalSection
EndGlobal
